PODS:
  - GPXPlayerView (0.0.1):
    - RxSwift (~> 4)
    - SWXMLHash (~> 4)
  - RxSwift (4.1.2)
  - SWXMLHash (4.6.0)

DEPENDENCIES:
  - GPXPlayerView (from `..`)

SPEC REPOS:
  https://github.com/CocoaPods/Specs.git:
    - RxSwift
    - SWXMLHash

EXTERNAL SOURCES:
  GPXPlayerView:
    :path: ".."

SPEC CHECKSUMS:
  GPXPlayerView: 49107f32638050740e36529ef4ccc0b59baa5c87
  RxSwift: e49536837d9901277638493ea537394d4b55f570
  SWXMLHash: 3c39a53723202800e9e1a87f14b2fe7ac1da98ec

PODFILE CHECKSUM: 75197ce85e9a65455298f9726b8c80c575ca11df

COCOAPODS: 1.5.0
