PODS:
  - GPXPlayerView (0.0.1):
    - RxSwift (~> 4)
    - SWXMLHash (~> 4)
  - RxSwift (4.1.2)
  - SWXMLHash (4.7.0)

DEPENDENCIES:
  - GPXPlayerView (from `..`)

SPEC REPOS:
  https://github.com/CocoaPods/Specs.git:
    - RxSwift
    - SWXMLHash

EXTERNAL SOURCES:
  GPXPlayerView:
    :path: ".."

SPEC CHECKSUMS:
  GPXPlayerView: d25a614a3afe7c14408c4d043042471b8cbb621e
  RxSwift: e49536837d9901277638493ea537394d4b55f570
  SWXMLHash: f4522438189f72b41e39676d19469a8969d60dd1

PODFILE CHECKSUM: 75197ce85e9a65455298f9726b8c80c575ca11df

COCOAPODS: 1.5.0
