PODS:
  - RxSwift (4.1.2)
  - SWXMLHash (4.6.0)

DEPENDENCIES:
  - RxSwift (~> 4)
  - SWXMLHash (~> 4)

SPEC REPOS:
  https://github.com/CocoaPods/Specs.git:
    - RxSwift
    - SWXMLHash

SPEC CHECKSUMS:
  RxSwift: e49536837d9901277638493ea537394d4b55f570
  SWXMLHash: 3c39a53723202800e9e1a87f14b2fe7ac1da98ec

PODFILE CHECKSUM: cd93e2e9a1ad7e485e4e9bbee85ad48052f63445

COCOAPODS: 1.5.0
